
Microsoft Visual Studio Solution File, Format Version 12.00
# Visual Studio Version 17
VisualStudioVersion = 17.8.34511.84
MinimumVisualStudioVersion = 10.0.40219.1
Project("{FAE04EC0-301F-11D3-BF4B-00C04F79EFBC}") = "CodeAlpha_Event_Registration_SystemMVC", "CodeAlpha_Event_Registration_SystemMVC.csproj", "{647641F3-0319-410E-91D2-599D241C309E}"
EndProject
Global
	GlobalSection(SolutionConfigurationPlatforms) = preSolution
		Debug|Any CPU = Debug|Any CPU
		Release|Any CPU = Release|Any CPU
	EndGlobalSection
	GlobalSection(ProjectConfigurationPlatforms) = postSolution
		{647641F3-0319-410E-91D2-599D241C309E}.Debug|Any CPU.ActiveCfg = Debug|Any CPU
		{647641F3-0319-410E-91D2-599D241C309E}.Debug|Any CPU.Build.0 = Debug|Any CPU
		{647641F3-0319-410E-91D2-599D241C309E}.Release|Any CPU.ActiveCfg = Release|Any CPU
		{647641F3-0319-410E-91D2-599D241C309E}.Release|Any CPU.Build.0 = Release|Any CPU
	EndGlobalSection
	GlobalSection(SolutionProperties) = preSolution
		HideSolutionNode = FALSE
	EndGlobalSection
	GlobalSection(ExtensibilityGlobals) = postSolution
		SolutionGuid = {6DF20817-DADC-4A8F-8165-893ED062B995}
	EndGlobalSection
EndGlobal
